
Microsoft Visual Studio Solution File, Format Version 12.00
# Visual Studio Version 17
VisualStudioVersion = 17.2.32630.192
MinimumVisualStudioVersion = 10.0.40219.1
Project("{FAE04EC0-301F-11D3-BF4B-00C04F79EFBC}") = "RealEstateApp", "RealEstateApp\RealEstateApp.csproj", "{ED16DDD6-2690-4640-A09C-4C7846BB00E8}"
EndProject
Global
	GlobalSection(SolutionConfigurationPlatforms) = preSolution
		Debug|Any CPU = Debug|Any CPU
		Release|Any CPU = Release|Any CPU
	EndGlobalSection
	GlobalSection(ProjectConfigurationPlatforms) = postSolution
		{ED16DDD6-2690-4640-A09C-4C7846BB00E8}.Debug|Any CPU.ActiveCfg = Debug|Any CPU
		{ED16DDD6-2690-4640-A09C-4C7846BB00E8}.Debug|Any CPU.Build.0 = Debug|Any CPU
		{ED16DDD6-2690-4640-A09C-4C7846BB00E8}.Release|Any CPU.ActiveCfg = Release|Any CPU
		{ED16DDD6-2690-4640-A09C-4C7846BB00E8}.Release|Any CPU.Build.0 = Release|Any CPU
	EndGlobalSection
	GlobalSection(SolutionProperties) = preSolution
		HideSolutionNode = FALSE
	EndGlobalSection
	GlobalSection(ExtensibilityGlobals) = postSolution
		SolutionGuid = {26CC050C-ADE1-4D70-B125-AE84D23434DF}
	EndGlobalSection
EndGlobal
